
Microsoft Visual Studio Solution File, Format Version 12.00
# Visual Studio Version 17
VisualStudioVersion = 17.14.36327.8 d17.14
MinimumVisualStudioVersion = 10.0.40219.1
Project("{FAE04EC0-301F-11D3-BF4B-00C04F79EFBC}") = "AI生成AI", "AI生成AI.csproj", "{3150D2CC-FC29-40BF-9873-4E65BB7EE66B}"
EndProject
Global
	GlobalSection(SolutionConfigurationPlatforms) = preSolution
		Debug|Any CPU = Debug|Any CPU
		Release|Any CPU = Release|Any CPU
	EndGlobalSection
	GlobalSection(ProjectConfigurationPlatforms) = postSolution
		{3150D2CC-FC29-40BF-9873-4E65BB7EE66B}.Debug|Any CPU.ActiveCfg = Debug|Any CPU
		{3150D2CC-FC29-40BF-9873-4E65BB7EE66B}.Debug|Any CPU.Build.0 = Debug|Any CPU
		{3150D2CC-FC29-40BF-9873-4E65BB7EE66B}.Release|Any CPU.ActiveCfg = Release|Any CPU
		{3150D2CC-FC29-40BF-9873-4E65BB7EE66B}.Release|Any CPU.Build.0 = Release|Any CPU
	EndGlobalSection
	GlobalSection(SolutionProperties) = preSolution
		HideSolutionNode = FALSE
	EndGlobalSection
	GlobalSection(ExtensibilityGlobals) = postSolution
		SolutionGuid = {65C5B29F-6A71-436F-B907-A070DE0FFDE5}
	EndGlobalSection
EndGlobal
